
Microsoft Visual Studio Solution File, Format Version 12.00
# Visual Studio 15
VisualStudioVersion = 15.0.26730.16
MinimumVisualStudioVersion = 10.0.40219.1
Project("{FAE04EC0-301F-11D3-BF4B-00C04F79EFBC}") = "FusionPeptideMassVerification", "FusionPeptideMassVerification\FusionPeptideMassVerification.csproj", "{CA27F701-A669-4A49-90EE-28D9F7A34E70}"
EndProject
Global
	GlobalSection(SolutionConfigurationPlatforms) = preSolution
		Debug|Any CPU = Debug|Any CPU
		Debug|x64 = Debug|x64
		Release|Any CPU = Release|Any CPU
		Release|x64 = Release|x64
	EndGlobalSection
	GlobalSection(ProjectConfigurationPlatforms) = postSolution
		{CA27F701-A669-4A49-90EE-28D9F7A34E70}.Debug|Any CPU.ActiveCfg = Debug|Any CPU
		{CA27F701-A669-4A49-90EE-28D9F7A34E70}.Debug|Any CPU.Build.0 = Debug|Any CPU
		{CA27F701-A669-4A49-90EE-28D9F7A34E70}.Debug|x64.ActiveCfg = Debug|x64
		{CA27F701-A669-4A49-90EE-28D9F7A34E70}.Debug|x64.Build.0 = Debug|x64
		{CA27F701-A669-4A49-90EE-28D9F7A34E70}.Release|Any CPU.ActiveCfg = Release|Any CPU
		{CA27F701-A669-4A49-90EE-28D9F7A34E70}.Release|Any CPU.Build.0 = Release|Any CPU
		{CA27F701-A669-4A49-90EE-28D9F7A34E70}.Release|x64.ActiveCfg = Release|x64
		{CA27F701-A669-4A49-90EE-28D9F7A34E70}.Release|x64.Build.0 = Release|x64
	EndGlobalSection
	GlobalSection(SolutionProperties) = preSolution
		HideSolutionNode = FALSE
	EndGlobalSection
	GlobalSection(ExtensibilityGlobals) = postSolution
		SolutionGuid = {FAA55009-04DB-4589-9778-DBBB589B32B4}
	EndGlobalSection
EndGlobal
